
Microsoft Visual Studio Solution File, Format Version 12.00
# Visual Studio Version 16
VisualStudioVersion = 16.0.32602.291
MinimumVisualStudioVersion = 10.0.40219.1
Project("{FAE04EC0-301F-11D3-BF4B-00C04F79EFBC}") = "ClientTest", "ClientTest\ClientTest.csproj", "{C33A5321-B724-457F-BA59-63C7055533D0}"
EndProject
Global
	GlobalSection(SolutionConfigurationPlatforms) = preSolution
		Debug|Any CPU = Debug|Any CPU
		Release|Any CPU = Release|Any CPU
	EndGlobalSection
	GlobalSection(ProjectConfigurationPlatforms) = postSolution
		{C33A5321-B724-457F-BA59-63C7055533D0}.Debug|Any CPU.ActiveCfg = Debug|Any CPU
		{C33A5321-B724-457F-BA59-63C7055533D0}.Debug|Any CPU.Build.0 = Debug|Any CPU
		{C33A5321-B724-457F-BA59-63C7055533D0}.Release|Any CPU.ActiveCfg = Release|Any CPU
		{C33A5321-B724-457F-BA59-63C7055533D0}.Release|Any CPU.Build.0 = Release|Any CPU
	EndGlobalSection
	GlobalSection(SolutionProperties) = preSolution
		HideSolutionNode = FALSE
	EndGlobalSection
	GlobalSection(ExtensibilityGlobals) = postSolution
		SolutionGuid = {177D2D50-6F49-48F8-8976-CF3F77D65300}
	EndGlobalSection
EndGlobal
